
Microsoft Visual Studio Solution File, Format Version 12.00
# Visual Studio Version 16
VisualStudioVersion = 16.0.29009.5
MinimumVisualStudioVersion = 10.0.40219.1
Project("{FAE04EC0-301F-11D3-BF4B-00C04F79EFBC}") = "LoginProject", "LoginProject\LoginProject.csproj", "{EEB0A044-800C-40AD-A937-192EBC9F854A}"
EndProject
Global
	GlobalSection(SolutionConfigurationPlatforms) = preSolution
		Debug|Any CPU = Debug|Any CPU
		Release|Any CPU = Release|Any CPU
	EndGlobalSection
	GlobalSection(ProjectConfigurationPlatforms) = postSolution
		{EEB0A044-800C-40AD-A937-192EBC9F854A}.Debug|Any CPU.ActiveCfg = Debug|Any CPU
		{EEB0A044-800C-40AD-A937-192EBC9F854A}.Debug|Any CPU.Build.0 = Debug|Any CPU
		{EEB0A044-800C-40AD-A937-192EBC9F854A}.Release|Any CPU.ActiveCfg = Release|Any CPU
		{EEB0A044-800C-40AD-A937-192EBC9F854A}.Release|Any CPU.Build.0 = Release|Any CPU
	EndGlobalSection
	GlobalSection(SolutionProperties) = preSolution
		HideSolutionNode = FALSE
	EndGlobalSection
	GlobalSection(ExtensibilityGlobals) = postSolution
		SolutionGuid = {AC6B6E7A-4798-467A-9239-740655696F50}
	EndGlobalSection
EndGlobal
